// !$*UTF8*$!
{
	archiveVersion = 1;
	classes = {
	};
	objectVersion = 46;
	objects = {

/* Begin PBXBuildFile section */
		504324611E65878B000F1C79 /* main.m in Sources */ = {isa = PBXBuildFile; fileRef = 504324601E65878B000F1C79 /* main.m */; };
		504324641E65878B000F1C79 /* AppDelegate.m in Sources */ = {isa = PBXBuildFile; fileRef = 504324631E65878B000F1C79 /* AppDelegate.m */; };
		504324671E65878B000F1C79 /* MasterViewController.m in Sources */ = {isa = PBXBuildFile; fileRef = 504324661E65878B000F1C79 /* MasterViewController.m */; };
		5043246A1E65878C000F1C79 /* DetailViewController.m in Sources */ = {isa = PBXBuildFile; fileRef = 504324691E65878C000F1C79 /* DetailViewController.m */; };
		5043246D1E65878C000F1C79 /* Main.storyboard in Resources */ = {isa = PBXBuildFile; fileRef = 5043246B1E65878C000F1C79 /* Main.storyboard */; };
		5043246F1E65878C000F1C79 /* Assets.xcassets in Resources */ = {isa = PBXBuildFile; fileRef = 5043246E1E65878C000F1C79 /* Assets.xcassets */; };
		504324721E65878C000F1C79 /* LaunchScreen.storyboard in Resources */ = {isa = PBXBuildFile; fileRef = 504324701E65878C000F1C79 /* LaunchScreen.storyboard */; };
/* End PBXBuildFile section */

/* Begin PBXFileReference section */
		5043245C1E65878B000F1C79 /* CoffeeShop.app */ = {isa = PBXFileReference; explicitFileType = wrapper.application; includeInIndex = 0; path = CoffeeShop.app; sourceTree = BUILT_PRODUCTS_DIR; };
		504324601E65878B000F1C79 /* main.m */ = {isa = PBXFileReference; lastKnownFileType = sourcecode.c.objc; path = main.m; sourceTree = "<group>"; };
		504324621E65878B000F1C79 /* AppDelegate.h */ = {isa = PBXFileReference; lastKnownFileType = sourcecode.c.h; path = AppDelegate.h; sourceTree = "<group>"; };
		504324631E65878B000F1C79 /* AppDelegate.m */ = {isa = PBXFileReference; lastKnownFileType = sourcecode.c.objc; path = AppDelegate.m; sourceTree = "<group>"; };
		504324651E65878B000F1C79 /* MasterViewController.h */ = {isa = PBXFileReference; lastKnownFileType = sourcecode.c.h; path = MasterViewController.h; sourceTree = "<group>"; };
		504324661E65878B000F1C79 /* MasterViewController.m */ = {isa = PBXFileReference; lastKnownFileType = sourcecode.c.objc; path = MasterViewController.m; sourceTree = "<group>"; };
		504324681E65878C000F1C79 /* DetailViewController.h */ = {isa = PBXFileReference; lastKnownFileType = sourcecode.c.h; path = DetailViewController.h; sourceTree = "<group>"; };
		504324691E65878C000F1C79 /* DetailViewController.m */ = {isa = PBXFileReference; lastKnownFileType = sourcecode.c.objc; path = DetailViewController.m; sourceTree = "<group>"; };
		5043246C1E65878C000F1C79 /* Base */ = {isa = PBXFileReference; lastKnownFileType = file.storyboard; name = Base; path = Base.lproj/Main.storyboard; sourceTree = "<group>"; };
		5043246E1E65878C000F1C79 /* Assets.xcassets */ = {isa = PBXFileReference; lastKnownFileType = folder.assetcatalog; path = Assets.xcassets; sourceTree = "<group>"; };
		504324711E65878C000F1C79 /* Base */ = {isa = PBXFileReference; lastKnownFileType = file.storyboard; name = Base; path = Base.lproj/LaunchScreen.storyboard; sourceTree = "<group>"; };
		504324731E65878C000F1C79 /* Info.plist */ = {isa = PBXFileReference; lastKnownFileType = text.plist.xml; path = Info.plist; sourceTree = "<group>"; };
/* End PBXFileReference section */

/* Begin PBXFrameworksBuildPhase section */
		504324591E65878B000F1C79 /* Frameworks */ = {
			isa = PBXFrameworksBuildPhase;
			buildActionMask = 2147483647;
			files = (
			);
			runOnlyForDeploymentPostprocessing = 0;
		};
/* End PBXFrameworksBuildPhase section */

/* Begin PBXGroup section */
		504324531E65878B000F1C79 = {
			isa = PBXGroup;
			children = (
				5043245E1E65878B000F1C79 /* CoffeeShop */,
				5043245D1E65878B000F1C79 /* Products */,
			);
			sourceTree = "<group>";
		};
		5043245D1E65878B000F1C79 /* Products */ = {
			isa = PBXGroup;
			children = (
				5043245C1E65878B000F1C79 /* CoffeeShop.app */,
			);
			name = Products;
			sourceTree = "<group>";
		};
		5043245E1E65878B000F1C79 /* CoffeeShop */ = {
			isa = PBXGroup;
			children = (
				504324621E65878B000F1C79 /* AppDelegate.h */,
				504324631E65878B000F1C79 /* AppDelegate.m */,
				504324651E65878B000F1C79 /* MasterViewController.h */,
				504324661E65878B000F1C79 /* MasterViewController.m */,
				504324681E65878C000F1C79 /* DetailViewController.h */,
				504324691E65878C000F1C79 /* DetailViewController.m */,
				5043246B1E65878C000F1C79 /* Main.storyboard */,
				5043246E1E65878C000F1C79 /* Assets.xcassets */,
				504324701E65878C000F1C79 /* LaunchScreen.storyboard */,
				504324731E65878C000F1C79 /* Info.plist */,
				5043245F1E65878B000F1C79 /* Supporting Files */,
			);
			path = CoffeeShop;
			sourceTree = "<group>";
		};
		5043245F1E65878B000F1C79 /* Supporting Files */ = {
			isa = PBXGroup;
			children = (
				504324601E65878B000F1C79 /* main.m */,
			);
			name = "Supporting Files";
			sourceTree = "<group>";
		};
/* End PBXGroup section */

/* Begin PBXNativeTarget section */
		5043245B1E65878B000F1C79 /* CoffeeShop */ = {
			isa = PBXNativeTarget;
			buildConfigurationList = 504324761E65878C000F1C79 /* Build configuration list for PBXNativeTarget "CoffeeShop" */;
			buildPhases = (
				504324581E65878B000F1C79 /* Sources */,
				504324591E65878B000F1C79 /* Frameworks */,
				5043245A1E65878B000F1C79 /* Resources */,
			);
			buildRules = (
			);
			dependencies = (
			);
			name = CoffeeShop;
			productName = CoffeeShop;
			productReference = 5043245C1E65878B000F1C79 /* CoffeeShop.app */;
			productType = "com.apple.product-type.application";
		};
/* End PBXNativeTarget section */

/* Begin PBXProject section */
		504324541E65878B000F1C79 /* Project object */ = {
			isa = PBXProject;
			attributes = {
				LastUpgradeCheck = 0820;
				ORGANIZATIONNAME = Tamanna;
				TargetAttributes = {
					5043245B1E65878B000F1C79 = {
						CreatedOnToolsVersion = 8.2.1;
						ProvisioningStyle = Automatic;
					};
				};
			};
			buildConfigurationList = 504324571E65878B000F1C79 /* Build configuration list for PBXProject "CoffeeShop" */;
			compatibilityVersion = "Xcode 3.2";
			developmentRegion = English;
			hasScannedForEncodings = 0;
			knownRegions = (
				en,
				Base,
			);
			mainGroup = 504324531E65878B000F1C79;
			productRefGroup = 5043245D1E65878B000F1C79 /* Products */;
			projectDirPath = "";
			projectRoot = "";
			targets = (
				5043245B1E65878B000F1C79 /* CoffeeShop */,
			);
		};
/* End PBXProject section */

/* Begin PBXResourcesBuildPhase section */
		5043245A1E65878B000F1C79 /* Resources */ = {
			isa = PBXResourcesBuildPhase;
			buildActionMask = 2147483647;
			files = (
				504324721E65878C000F1C79 /* LaunchScreen.storyboard in Resources */,
				5043246F1E65878C000F1C79 /* Assets.xcassets in Resources */,
				5043246D1E65878C000F1C79 /* Main.storyboard in Resources */,
			);
			runOnlyForDeploymentPostprocessing = 0;
		};
/* End PBXResourcesBuildPhase section */

/* Begin PBXSourcesBuildPhase section */
		504324581E65878B000F1C79 /* Sources */ = {
			isa = PBXSourcesBuildPhase;
			buildActionMask = 2147483647;
			files = (
				504324641E65878B000F1C79 /* AppDelegate.m in Sources */,
				504324671E65878B000F1C79 /* MasterViewController.m in Sources */,
				504324611E65878B000F1C79 /* main.m in Sources */,
				5043246A1E65878C000F1C79 /* DetailViewController.m in Sources */,
			);
			runOnlyForDeploymentPostprocessing = 0;
		};
/* End PBXSourcesBuildPhase section */

/* Begin PBXVariantGroup section */
		5043246B1E65878C000F1C79 /* Main.storyboard */ = {
			isa = PBXVariantGroup;
			children = (
				5043246C1E65878C000F1C79 /* Base */,
			);
			name = Main.storyboard;
			sourceTree = "<group>";
		};
		504324701E65878C000F1C79 /* LaunchScreen.storyboard */ = {
			isa = PBXVariantGroup;
			children = (
				504324711E65878C000F1C79 /* Base */,
			);
			name = LaunchScreen.storyboard;
			sourceTree = "<group>";
		};
/* End PBXVariantGroup section */

/* Begin XCBuildConfiguration section */
		504324741E65878C000F1C79 /* Debug */ = {
			isa = XCBuildConfiguration;
			buildSettings = {
				ALWAYS_SEARCH_USER_PATHS = NO;
				CLANG_ANALYZER_NONNULL = YES;
				CLANG_CXX_LANGUAGE_STANDARD = "gnu++0x";
				CLANG_CXX_LIBRARY = "libc++";
				CLANG_ENABLE_MODULES = YES;
				CLANG_ENABLE_OBJC_ARC = YES;
				CLANG_WARN_BOOL_CONVERSION = YES;
				CLANG_WARN_CONSTANT_CONVERSION = YES;
				CLANG_WARN_DIRECT_OBJC_ISA_USAGE = YES_ERROR;
				CLANG_WARN_DOCUMENTATION_COMMENTS = YES;
				CLANG_WARN_EMPTY_BODY = YES;
				CLANG_WARN_ENUM_CONVERSION = YES;
				CLANG_WARN_INFINITE_RECURSION = YES;
				CLANG_WARN_INT_CONVERSION = YES;
				CLANG_WARN_OBJC_ROOT_CLASS = YES_ERROR;
				CLANG_WARN_SUSPICIOUS_MOVE = YES;
				CLANG_WARN_UNREACHABLE_CODE = YES;
				CLANG_WARN__DUPLICATE_METHOD_MATCH = YES;
				"CODE_SIGN_IDENTITY[sdk=iphoneos*]" = "iPhone Developer";
				COPY_PHASE_STRIP = NO;
				DEBUG_INFORMATION_FORMAT = dwarf;
				ENABLE_STRICT_OBJC_MSGSEND = YES;
				ENABLE_TESTABILITY = YES;
				GCC_C_LANGUAGE_STANDARD = gnu99;
				GCC_DYNAMIC_NO_PIC = NO;
				GCC_NO_COMMON_BLOCKS = YES;
				GCC_OPTIMIZATION_LEVEL = 0;
				GCC_PREPROCESSOR_DEFINITIONS = (
					"DEBUG=1",
					"$(inherited)",
				);
				GCC_WARN_64_TO_32_BIT_CONVERSION = YES;
				GCC_WARN_ABOUT_RETURN_TYPE = YES_ERROR;
				GCC_WARN_UNDECLARED_SELECTOR = YES;
				GCC_WARN_UNINITIALIZED_AUTOS = YES_AGGRESSIVE;
				GCC_WARN_UNUSED_FUNCTION = YES;
				GCC_WARN_UNUSED_VARIABLE = YES;
				IPHONEOS_DEPLOYMENT_TARGET = 10.2;
				MTL_ENABLE_DEBUG_INFO = YES;
				ONLY_ACTIVE_ARCH = YES;
				SDKROOT = iphoneos;
			};
			name = Debug;
		};
		504324751E65878C000F1C79 /* Release */ = {
			isa = XCBuildConfiguration;
			buildSettings = {
				ALWAYS_SEARCH_USER_PATHS = NO;
				CLANG_ANALYZER_NONNULL = YES;
				CLANG_CXX_LANGUAGE_STANDARD = "gnu++0x";
				CLANG_CXX_LIBRARY = "libc++";
				CLANG_ENABLE_MODULES = YES;
				CLANG_ENABLE_OBJC_ARC = YES;
				CLANG_WARN_BOOL_CONVERSION = YES;
				CLANG_WARN_CONSTANT_CONVERSION = YES;
				CLANG_WARN_DIRECT_OBJC_ISA_USAGE = YES_ERROR;
				CLANG_WARN_DOCUMENTATION_COMMENTS = YES;
				CLANG_WARN_EMPTY_BODY = YES;
				CLANG_WARN_ENUM_CONVERSION = YES;
				CLANG_WARN_INFINITE_RECURSION = YES;
				CLANG_WARN_INT_CONVERSION = YES;
				CLANG_WARN_OBJC_ROOT_CLASS = YES_ERROR;
				CLANG_WARN_SUSPICIOUS_MOVE = YES;
				CLANG_WARN_UNREACHABLE_CODE = YES;
				CLANG_WARN__DUPLICATE_METHOD_MATCH = YES;
				"CODE_SIGN_IDENTITY[sdk=iphoneos*]" = "iPhone Developer";
				COPY_PHASE_STRIP = NO;
				DEBUG_INFORMATION_FORMAT = "dwarf-with-dsym";
				ENABLE_NS_ASSERTIONS = NO;
				ENABLE_STRICT_OBJC_MSGSEND = YES;
				GCC_C_LANGUAGE_STANDARD = gnu99;
				GCC_NO_COMMON_BLOCKS = YES;
				GCC_WARN_64_TO_32_BIT_CONVERSION = YES;
				GCC_WARN_ABOUT_RETURN_TYPE = YES_ERROR;
				GCC_WARN_UNDECLARED_SELECTOR = YES;
				GCC_WARN_UNINITIALIZED_AUTOS = YES_AGGRESSIVE;
				GCC_WARN_UNUSED_FUNCTION = YES;
				GCC_WARN_UNUSED_VARIABLE = YES;
				IPHONEOS_DEPLOYMENT_TARGET = 10.2;
				MTL_ENABLE_DEBUG_INFO = NO;
				SDKROOT = iphoneos;
				VALIDATE_PRODUCT = YES;
			};
			name = Release;
		};
		504324771E65878C000F1C79 /* Debug */ = {
			isa = XCBuildConfiguration;
			buildSettings = {
				ASSETCATALOG_COMPILER_APPICON_NAME = AppIcon;
				INFOPLIST_FILE = CoffeeShop/Info.plist;
				LD_RUNPATH_SEARCH_PATHS = "$(inherited) @executable_path/Frameworks";
				PRODUCT_BUNDLE_IDENTIFIER = com.tamanna.CoffeeShop;
				PRODUCT_NAME = "$(TARGET_NAME)";
			};
			name = Debug;
		};
		504324781E65878C000F1C79 /* Release */ = {
			isa = XCBuildConfiguration;
			buildSettings = {
				ASSETCATALOG_COMPILER_APPICON_NAME = AppIcon;
				INFOPLIST_FILE = CoffeeShop/Info.plist;
				LD_RUNPATH_SEARCH_PATHS = "$(inherited) @executable_path/Frameworks";
				PRODUCT_BUNDLE_IDENTIFIER = com.tamanna.CoffeeShop;
				PRODUCT_NAME = "$(TARGET_NAME)";
			};
			name = Release;
		};
/* End XCBuildConfiguration section */

/* Begin XCConfigurationList section */
		504324571E65878B000F1C79 /* Build configuration list for PBXProject "CoffeeShop" */ = {
			isa = XCConfigurationList;
			buildConfigurations = (
				504324741E65878C000F1C79 /* Debug */,
				504324751E65878C000F1C79 /* Release */,
			);
			defaultConfigurationIsVisible = 0;
			defaultConfigurationName = Release;
		};
		504324761E65878C000F1C79 /* Build configuration list for PBXNativeTarget "CoffeeShop" */ = {
			isa = XCConfigurationList;
			buildConfigurations = (
				504324771E65878C000F1C79 /* Debug */,
				504324781E65878C000F1C79 /* Release */,
			);
			defaultConfigurationIsVisible = 0;
		};
/* End XCConfigurationList section */
	};
	rootObject = 504324541E65878B000F1C79 /* Project object */;
}
